{
  "name": "search-test",
  "version": "1.0.0",
  "lockfileVersion": 2,
  "requires": true,
  "packages": {
    "": {
      "name": "search-test",
      "version": "1.0.0",
      "license": "ISC",
      "dependencies": {
        "adm-zip": "^0.5.10",
        "elasticlunr": "^0.9.5"
      }
    },
    "node_modules/adm-zip": {
      "version": "0.5.10",
      "resolved": "https://registry.npmjs.org/adm-zip/-/adm-zip-0.5.10.tgz",
      "integrity": "sha512-x0HvcHqVJNTPk/Bw8JbLWlWoo6Wwnsug0fnYYro1HBrjxZ3G7/AZk7Ahv8JwDe1uIcz8eBqvu86FuF1POiG7vQ==",
      "engines": {
        "node": ">=6.0"
      }
    },
    "node_modules/elasticlunr": {
      "version": "0.9.5",
      "resolved": "https://registry.npmjs.org/elasticlunr/-/elasticlunr-0.9.5.tgz",
      "integrity": "sha512-5YM9LFQgVYfuLNEoqMqVWIBuF2UNCA+xu/jz1TyryLN/wmBcQSb+GNAwvLKvEpGESwgGN8XA1nbLAt6rKlyHYQ=="
    }
  },
  "dependencies": {
    "adm-zip": {
      "version": "0.5.10",
      "resolved": "https://registry.npmjs.org/adm-zip/-/adm-zip-0.5.10.tgz",
      "integrity": "sha512-x0HvcHqVJNTPk/Bw8JbLWlWoo6Wwnsug0fnYYro1HBrjxZ3G7/AZk7Ahv8JwDe1uIcz8eBqvu86FuF1POiG7vQ=="
    },
    "elasticlunr": {
      "version": "0.9.5",
      "resolved": "https://registry.npmjs.org/elasticlunr/-/elasticlunr-0.9.5.tgz",
      "integrity": "sha512-5YM9LFQgVYfuLNEoqMqVWIBuF2UNCA+xu/jz1TyryLN/wmBcQSb+GNAwvLKvEpGESwgGN8XA1nbLAt6rKlyHYQ=="
    }
  }
}
